
Microsoft Visual Studio Solution File, Format Version 12.00
# Visual Studio Version 16
VisualStudioVersion = 16.0.29709.97
MinimumVisualStudioVersion = 10.0.40219.1
Project("{8BC9CEB8-8B4A-11D0-8D11-00A0C91BC942}") = "Assignment2-Circle_Class-Popenfoose", "Assignment2-Circle_Class-Popenfoose\Assignment2-Circle_Class-Popenfoose.vcxproj", "{ED4A3CA0-7330-4639-9715-4C3A1D8693C9}"
EndProject
Global
	GlobalSection(SolutionConfigurationPlatforms) = preSolution
		Debug|x64 = Debug|x64
		Debug|x86 = Debug|x86
		Release|x64 = Release|x64
		Release|x86 = Release|x86
	EndGlobalSection
	GlobalSection(ProjectConfigurationPlatforms) = postSolution
		{ED4A3CA0-7330-4639-9715-4C3A1D8693C9}.Debug|x64.ActiveCfg = Debug|x64
		{ED4A3CA0-7330-4639-9715-4C3A1D8693C9}.Debug|x64.Build.0 = Debug|x64
		{ED4A3CA0-7330-4639-9715-4C3A1D8693C9}.Debug|x86.ActiveCfg = Debug|Win32
		{ED4A3CA0-7330-4639-9715-4C3A1D8693C9}.Debug|x86.Build.0 = Debug|Win32
		{ED4A3CA0-7330-4639-9715-4C3A1D8693C9}.Release|x64.ActiveCfg = Release|x64
		{ED4A3CA0-7330-4639-9715-4C3A1D8693C9}.Release|x64.Build.0 = Release|x64
		{ED4A3CA0-7330-4639-9715-4C3A1D8693C9}.Release|x86.ActiveCfg = Release|Win32
		{ED4A3CA0-7330-4639-9715-4C3A1D8693C9}.Release|x86.Build.0 = Release|Win32
	EndGlobalSection
	GlobalSection(SolutionProperties) = preSolution
		HideSolutionNode = FALSE
	EndGlobalSection
	GlobalSection(ExtensibilityGlobals) = postSolution
		SolutionGuid = {AC66DAA0-652A-4154-BED4-036D8DFD725E}
	EndGlobalSection
EndGlobal
